{
  "nodes": {
    "flake-schemas": {
      "locked": {
        "lastModified": 1721999734,
        "narHash": "sha256-G5CxYeJVm4lcEtaO87LKzOsVnWeTcHGKbKxNamNWgOw=",
        "rev": "0a5c42297d870156d9c57d8f99e476b738dcd982",
        "revCount": 75,
        "type": "tarball",
        "url": "https://api.flakehub.com/f/pinned/DeterminateSystems/flake-schemas/0.1.5/0190ef2f-61e0-794b-ba14-e82f225e55e6/source.tar.gz"
      },
      "original": {
        "type": "tarball",
        "url": "https://flakehub.com/f/DeterminateSystems/flake-schemas/%2A"
      }
    },
    "nixpkgs": {
      "locked": {
        "lastModified": 1748302896,
        "narHash": "sha256-ixMT0a8mM091vSswlTORZj93WQAJsRNmEvqLL+qwTFM=",
        "rev": "7848cd8c982f7740edf76ddb3b43d234cb80fc4d",
        "revCount": 802674,
        "type": "tarball",
        "url": "https://api.flakehub.com/f/pinned/NixOS/nixpkgs/0.2505.802674%2Brev-7848cd8c982f7740edf76ddb3b43d234cb80fc4d/019717fa-36e7-7667-889d-ad0ad022a1eb/source.tar.gz"
      },
      "original": {
        "type": "tarball",
        "url": "https://flakehub.com/f/NixOS/nixpkgs/%2A"
      }
    },
    "root": {
      "inputs": {
        "flake-schemas": "flake-schemas",
        "nixpkgs": "nixpkgs",
        "rust-overlay": "rust-overlay"
      }
    },
    "rust-overlay": {
      "inputs": {
        "nixpkgs": [
          "nixpkgs"
        ]
      },
      "locked": {
        "lastModified": 1748399823,
        "narHash": "sha256-kahD8D5hOXOsGbNdoLLnqCL887cjHkx98Izc37nDjlA=",
        "rev": "d68a69dc71bc19beb3479800392112c2f6218159",
        "revCount": 1799,
        "type": "tarball",
        "url": "https://api.flakehub.com/f/pinned/oxalica/rust-overlay/0.1.1799%2Brev-d68a69dc71bc19beb3479800392112c2f6218159/019714c2-2edc-7147-873d-75114e2ceb9c/source.tar.gz"
      },
      "original": {
        "type": "tarball",
        "url": "https://flakehub.com/f/oxalica/rust-overlay/0.1.%2A"
      }
    }
  },
  "root": "root",
  "version": 7
}
